
Microsoft Visual Studio Solution File, Format Version 12.00
# Visual Studio 15
VisualStudioVersion = 15.0.26124.0
MinimumVisualStudioVersion = 15.0.26124.0
Project("{2150E333-8FDC-42A3-9474-1A3956D46DE8}") = "src", "src", "{6E9730F4-CE50-4E5B-9F5E-4502073F2B90}"
EndProject
Project("{FAE04EC0-301F-11D3-BF4B-00C04F79EFBC}") = "GraphQL.Extensions", "src\GraphQL.Extensions\GraphQL.Extensions.csproj", "{EDC7AC06-43EF-4052-A3CC-F87005BE89B6}"
EndProject
Project("{2150E333-8FDC-42A3-9474-1A3956D46DE8}") = "test", "test", "{503B2F3E-FB2B-4D01-A177-C97BD81C5584}"
EndProject
Project("{FAE04EC0-301F-11D3-BF4B-00C04F79EFBC}") = "GraphQL.Extensions.Test", "test\GraphQL.Extensions.Test\GraphQL.Extensions.Test.csproj", "{19A7745B-07BB-4380-A6F9-B1F4A0B8FBFE}"
EndProject
Project("{FAE04EC0-301F-11D3-BF4B-00C04F79EFBC}") = "LinqExpressionComparison", "src\LinqExpressionComparison\LinqExpressionComparison.csproj", "{7F8E1B49-1F72-4848-9B1A-EB42A95AC4E1}"
EndProject
Project("{FAE04EC0-301F-11D3-BF4B-00C04F79EFBC}") = "LinqExpressionComparison.Test", "test\LinqExpressionComparison.Test\LinqExpressionComparison.Test.csproj", "{366BF03E-E89D-4A78-AF22-E1B9F3993F41}"
EndProject
Global
	GlobalSection(SolutionConfigurationPlatforms) = preSolution
		Debug|Any CPU = Debug|Any CPU
		Debug|x64 = Debug|x64
		Debug|x86 = Debug|x86
		Release|Any CPU = Release|Any CPU
		Release|x64 = Release|x64
		Release|x86 = Release|x86
	EndGlobalSection
	GlobalSection(SolutionProperties) = preSolution
		HideSolutionNode = FALSE
	EndGlobalSection
	GlobalSection(ProjectConfigurationPlatforms) = postSolution
		{EDC7AC06-43EF-4052-A3CC-F87005BE89B6}.Debug|Any CPU.ActiveCfg = Debug|Any CPU
		{EDC7AC06-43EF-4052-A3CC-F87005BE89B6}.Debug|Any CPU.Build.0 = Debug|Any CPU
		{EDC7AC06-43EF-4052-A3CC-F87005BE89B6}.Debug|x64.ActiveCfg = Debug|Any CPU
		{EDC7AC06-43EF-4052-A3CC-F87005BE89B6}.Debug|x64.Build.0 = Debug|Any CPU
		{EDC7AC06-43EF-4052-A3CC-F87005BE89B6}.Debug|x86.ActiveCfg = Debug|Any CPU
		{EDC7AC06-43EF-4052-A3CC-F87005BE89B6}.Debug|x86.Build.0 = Debug|Any CPU
		{EDC7AC06-43EF-4052-A3CC-F87005BE89B6}.Release|Any CPU.ActiveCfg = Release|Any CPU
		{EDC7AC06-43EF-4052-A3CC-F87005BE89B6}.Release|Any CPU.Build.0 = Release|Any CPU
		{EDC7AC06-43EF-4052-A3CC-F87005BE89B6}.Release|x64.ActiveCfg = Release|Any CPU
		{EDC7AC06-43EF-4052-A3CC-F87005BE89B6}.Release|x64.Build.0 = Release|Any CPU
		{EDC7AC06-43EF-4052-A3CC-F87005BE89B6}.Release|x86.ActiveCfg = Release|Any CPU
		{EDC7AC06-43EF-4052-A3CC-F87005BE89B6}.Release|x86.Build.0 = Release|Any CPU
		{19A7745B-07BB-4380-A6F9-B1F4A0B8FBFE}.Debug|Any CPU.ActiveCfg = Debug|Any CPU
		{19A7745B-07BB-4380-A6F9-B1F4A0B8FBFE}.Debug|Any CPU.Build.0 = Debug|Any CPU
		{19A7745B-07BB-4380-A6F9-B1F4A0B8FBFE}.Debug|x64.ActiveCfg = Debug|Any CPU
		{19A7745B-07BB-4380-A6F9-B1F4A0B8FBFE}.Debug|x64.Build.0 = Debug|Any CPU
		{19A7745B-07BB-4380-A6F9-B1F4A0B8FBFE}.Debug|x86.ActiveCfg = Debug|Any CPU
		{19A7745B-07BB-4380-A6F9-B1F4A0B8FBFE}.Debug|x86.Build.0 = Debug|Any CPU
		{19A7745B-07BB-4380-A6F9-B1F4A0B8FBFE}.Release|Any CPU.ActiveCfg = Release|Any CPU
		{19A7745B-07BB-4380-A6F9-B1F4A0B8FBFE}.Release|Any CPU.Build.0 = Release|Any CPU
		{19A7745B-07BB-4380-A6F9-B1F4A0B8FBFE}.Release|x64.ActiveCfg = Release|Any CPU
		{19A7745B-07BB-4380-A6F9-B1F4A0B8FBFE}.Release|x64.Build.0 = Release|Any CPU
		{19A7745B-07BB-4380-A6F9-B1F4A0B8FBFE}.Release|x86.ActiveCfg = Release|Any CPU
		{19A7745B-07BB-4380-A6F9-B1F4A0B8FBFE}.Release|x86.Build.0 = Release|Any CPU
		{7F8E1B49-1F72-4848-9B1A-EB42A95AC4E1}.Debug|Any CPU.ActiveCfg = Debug|Any CPU
		{7F8E1B49-1F72-4848-9B1A-EB42A95AC4E1}.Debug|Any CPU.Build.0 = Debug|Any CPU
		{7F8E1B49-1F72-4848-9B1A-EB42A95AC4E1}.Debug|x64.ActiveCfg = Debug|Any CPU
		{7F8E1B49-1F72-4848-9B1A-EB42A95AC4E1}.Debug|x64.Build.0 = Debug|Any CPU
		{7F8E1B49-1F72-4848-9B1A-EB42A95AC4E1}.Debug|x86.ActiveCfg = Debug|Any CPU
		{7F8E1B49-1F72-4848-9B1A-EB42A95AC4E1}.Debug|x86.Build.0 = Debug|Any CPU
		{7F8E1B49-1F72-4848-9B1A-EB42A95AC4E1}.Release|Any CPU.ActiveCfg = Release|Any CPU
		{7F8E1B49-1F72-4848-9B1A-EB42A95AC4E1}.Release|Any CPU.Build.0 = Release|Any CPU
		{7F8E1B49-1F72-4848-9B1A-EB42A95AC4E1}.Release|x64.ActiveCfg = Release|Any CPU
		{7F8E1B49-1F72-4848-9B1A-EB42A95AC4E1}.Release|x64.Build.0 = Release|Any CPU
		{7F8E1B49-1F72-4848-9B1A-EB42A95AC4E1}.Release|x86.ActiveCfg = Release|Any CPU
		{7F8E1B49-1F72-4848-9B1A-EB42A95AC4E1}.Release|x86.Build.0 = Release|Any CPU
		{366BF03E-E89D-4A78-AF22-E1B9F3993F41}.Debug|Any CPU.ActiveCfg = Debug|Any CPU
		{366BF03E-E89D-4A78-AF22-E1B9F3993F41}.Debug|Any CPU.Build.0 = Debug|Any CPU
		{366BF03E-E89D-4A78-AF22-E1B9F3993F41}.Debug|x64.ActiveCfg = Debug|Any CPU
		{366BF03E-E89D-4A78-AF22-E1B9F3993F41}.Debug|x64.Build.0 = Debug|Any CPU
		{366BF03E-E89D-4A78-AF22-E1B9F3993F41}.Debug|x86.ActiveCfg = Debug|Any CPU
		{366BF03E-E89D-4A78-AF22-E1B9F3993F41}.Debug|x86.Build.0 = Debug|Any CPU
		{366BF03E-E89D-4A78-AF22-E1B9F3993F41}.Release|Any CPU.ActiveCfg = Release|Any CPU
		{366BF03E-E89D-4A78-AF22-E1B9F3993F41}.Release|Any CPU.Build.0 = Release|Any CPU
		{366BF03E-E89D-4A78-AF22-E1B9F3993F41}.Release|x64.ActiveCfg = Release|Any CPU
		{366BF03E-E89D-4A78-AF22-E1B9F3993F41}.Release|x64.Build.0 = Release|Any CPU
		{366BF03E-E89D-4A78-AF22-E1B9F3993F41}.Release|x86.ActiveCfg = Release|Any CPU
		{366BF03E-E89D-4A78-AF22-E1B9F3993F41}.Release|x86.Build.0 = Release|Any CPU
	EndGlobalSection
	GlobalSection(NestedProjects) = preSolution
		{EDC7AC06-43EF-4052-A3CC-F87005BE89B6} = {6E9730F4-CE50-4E5B-9F5E-4502073F2B90}
		{19A7745B-07BB-4380-A6F9-B1F4A0B8FBFE} = {503B2F3E-FB2B-4D01-A177-C97BD81C5584}
		{7F8E1B49-1F72-4848-9B1A-EB42A95AC4E1} = {6E9730F4-CE50-4E5B-9F5E-4502073F2B90}
		{366BF03E-E89D-4A78-AF22-E1B9F3993F41} = {503B2F3E-FB2B-4D01-A177-C97BD81C5584}
	EndGlobalSection
EndGlobal
